{
    "hash": "440a31105f7418206f85fdba8a43eab6",
    "packages": [
        {
            "name": "agavi/agavi",
            "version": "1.0.7",
            "source": {
                "type": "svn",
                "url": "http://svn.agavi.org/",
                "reference": "tags/1.0.7/"
            },
            "type": "library"
        },
        {
            "name": "allmarkedup/jquery-url-parser",
            "version": "2.2.1",
            "source": {
                "type": "git",
                "url": "https://github.com/allmarkedup/jQuery-URL-Parser.git",
                "reference": "69a50b31c1f6185731c1fca6fe9f31d58d6947f1"
            },
            "type": "library"
        },
        {
            "name": "berlinonline/dat0r",
            "version": "0.3",
            "source": {
                "type": "git",
                "url": "https://github.com/berlinonline/Dat0r.git",
                "reference": "0.3"
            },
            "dist": {
                "type": "zip",
                "url": "https://api.github.com/repos/berlinonline/Dat0r/zipball/0.3",
                "reference": "0.3",
                "shasum": ""
            },
            "require": {
                "php": ">=5.3",
                "symfony/console": "2.1.*",
                "twig/twig": "1.*"
            },
            "require-dev": {
                "phpdocumentor/phpdocumentor": "2.*",
                "phpunit/phpunit": "3.7.*"
            },
            "bin": [
                "bin/dat0r.make",
                "bin/dat0r.console"
            ],
            "type": "library",
            "autoload": {
                "psr-0": {
                    "Dat0r": "src/"
                }
            },
            "notification-url": "https://packagist.org/downloads/",
            "license": [
                "MIT"
            ],
            "authors": [
                {
                    "name": "Thorsten Schmitt-Rink"
                }
            ],
            "description": "Library for generating data-objects.",
            "homepage": "https://github.com/berlinonline/Dat0r",
            "keywords": [
                "data mapper",
                "scaffolding"
            ],
            "time": "2013-03-15 23:47:00"
        },
        {
            "name": "craur/craur",
            "version": "1.6.0",
            "source": {
                "type": "git",
                "url": "https://github.com/DracoBlue/Craur.git",
                "reference": "f4f0bd435ef512b02b6251b1367e9b5103d09926"
            },
            "type": "library",
            "autoload": {
                "classmap": [
                    "php/Craur.class.php"
                ]
            }
        },
        {
            "name": "farhadi/html5sortable",
            "version": "0.9",
            "source": {
                "type": "git",
                "url": "https://github.com/farhadi/html5sortable.git",
                "reference": "b90b6baac95cdc0df1ec1682b7181ff94b1f7820"
            },
            "type": "library"
        },
        {
            "name": "fortawesome/font-awesome",
            "version": "2.0.0",
            "source": {
                "type": "git",
                "url": "https://github.com/FortAwesome/Font-Awesome.git",
                "reference": "0ad5e104960bb6051d4ec49abf42be4b74678e48"
            },
            "type": "library"
        },
        {
            "name": "imagine/Imagine",
            "version": "v0.3.1",
            "source": {
                "type": "git",
                "url": "https://github.com/avalanche123/Imagine",
                "reference": "v0.3.1"
            },
            "dist": {
                "type": "zip",
                "url": "https://github.com/avalanche123/Imagine/archive/v0.3.1.zip",
                "reference": "v0.3.1",
                "shasum": ""
            },
            "require": {
                "php": ">=5.3.2"
            },
            "require-dev": {
                "sami/sami": "dev-master"
            },
            "type": "library",
            "autoload": {
                "psr-0": {
                    "Imagine": "lib/"
                }
            },
            "notification-url": "https://packagist.org/downloads/",
            "license": [
                "MIT"
            ],
            "authors": [
                {
                    "name": "Bulat Shakirzyanov",
                    "email": "mallluhuct@gmail.com",
                    "homepage": "http://avalanche123.com"
                }
            ],
            "description": "Image processing for PHP 5.3",
            "homepage": "http://imagine.readthedocs.org/",
            "keywords": [
                "drawing",
                "graphics",
                "image manipulation",
                "image processing"
            ],
            "time": "2012-11-12 21:16:43"
        },
        {
            "name": "jquery/easing",
            "version": "1.3",
            "dist": {
                "type": "file",
                "url": "http://gsgd.co.uk/sandbox/jquery/easing/jquery.easing.1.3.js",
                "reference": null,
                "shasum": null
            },
            "type": "library"
        },
        {
            "name": "jquery/jquery",
            "version": "1.8.2",
            "dist": {
                "type": "file",
                "url": "http://code.jquery.com/jquery-1.8.2.min.js",
                "reference": null,
                "shasum": null
            },
            "type": "library"
        },
        {
            "name": "kineticjs/kineticjs",
            "version": "4.0.5",
            "dist": {
                "type": "file",
                "url": "http://kineticjs.com/download/v4.0.5/kinetic-v4.0.5.min.js",
                "reference": null,
                "shasum": null
            },
            "type": "library"
        },
        {
            "name": "knockoutjs/knockoutjs",
            "version": "2.2.0",
            "dist": {
                "type": "file",
                "url": "http://cloud.github.com/downloads/SteveSanderson/knockout/knockout-2.2.0.js",
                "reference": null,
                "shasum": null
            },
            "type": "library"
        },
        {
            "name": "phing/phing",
            "version": "2.4.12",
            "source": {
                "type": "git",
                "url": "https://github.com/phingofficial/phing",
                "reference": "2.4.12"
            },
            "dist": {
                "type": "zip",
                "url": "https://github.com/phingofficial/phing/zipball/2.4.12",
                "reference": "2.4.12",
                "shasum": ""
            },
            "require": {
                "php": ">=5.2.0"
            },
            "type": "library",
            "autoload": {
                "classmap": [
                    "classes/phing/"
                ]
            },
            "license": [
                "LGPL3"
            ],
            "authors": [
                {
                    "name": "Michiel Rook",
                    "email": "mrook@php.net"
                },
                {
                    "name": "Phing Community",
                    "homepage": "http://www.phing.info/trac/wiki/Development/Contributors"
                }
            ],
            "description": "PHing Is Not GNU make; it's a PHP project build system or build tool based on Apache Ant.",
            "homepage": "http://www.phing.info/",
            "keywords": [
                "build",
                "task",
                "tool"
            ],
            "time": "2012-04-06 11:33:25"
        },
        {
            "name": "ruflin/Elastica",
            "version": "v0.20.5.0.RC1",
            "source": {
                "type": "git",
                "url": "https://github.com/ruflin/Elastica.git",
                "reference": "v0.20.5.0.RC1"
            },
            "dist": {
                "type": "zip",
                "url": "https://api.github.com/repos/ruflin/Elastica/zipball/v0.20.5.0.RC1",
                "reference": "v0.20.5.0.RC1",
                "shasum": ""
            },
            "require": {
                "php": ">=5.3.0"
            },
            "require-dev": {
                "munkie/elasticsearch-thrift-php": "1.4.*",
                "phpunit/phpunit": "3.7.*"
            },
            "suggest": {
                "munkie/elasticsearch-thrift-php": "Allow using thrift transport"
            },
            "type": "library",
            "autoload": {
                "psr-0": {
                    "Elastica": "lib/",
                    "Elastica\\Test": "test/lib/"
                }
            },
            "notification-url": "https://packagist.org/downloads/",
            "license": [
                "Apache 2.0"
            ],
            "authors": [
                {
                    "name": "Nicolas Ruflin",
                    "homepage": "http://ruflin.com/"
                }
            ],
            "description": "Elasticsearch Client",
            "homepage": "http://ruflin.github.com/Elastica/",
            "keywords": [
                "client",
                "search"
            ],
            "time": "2013-02-20 20:09:46"
        },
        {
            "name": "symfony/console",
            "version": "2.1.x-dev",
            "target-dir": "Symfony/Component/Console",
            "source": {
                "type": "git",
                "url": "https://github.com/symfony/Console.git",
                "reference": "256b00333ab08ce1f6264152b22e08e4138275eb"
            },
            "dist": {
                "type": "zip",
                "url": "https://api.github.com/repos/symfony/Console/zipball/256b00333ab08ce1f6264152b22e08e4138275eb",
                "reference": "256b00333ab08ce1f6264152b22e08e4138275eb",
                "shasum": ""
            },
            "require": {
                "php": ">=5.3.3"
            },
            "type": "library",
            "autoload": {
                "psr-0": {
                    "Symfony\\Component\\Console": ""
                }
            },
            "notification-url": "https://packagist.org/downloads/",
            "license": [
                "MIT"
            ],
            "authors": [
                {
                    "name": "Fabien Potencier",
                    "email": "fabien@symfony.com"
                },
                {
                    "name": "Symfony Community",
                    "homepage": "http://symfony.com/contributors"
                }
            ],
            "description": "Symfony Console Component",
            "homepage": "http://symfony.com",
            "time": "2013-03-01 16:50:10"
        },
        {
            "name": "twig/twig",
            "version": "dev-master",
            "source": {
                "type": "git",
                "url": "https://github.com/fabpot/Twig.git",
                "reference": "ba67e2cf8e2ca6cada1de5a316a724df648c52ac"
            },
            "dist": {
                "type": "zip",
                "url": "https://api.github.com/repos/fabpot/Twig/zipball/ba67e2cf8e2ca6cada1de5a316a724df648c52ac",
                "reference": "ba67e2cf8e2ca6cada1de5a316a724df648c52ac",
                "shasum": ""
            },
            "require": {
                "php": ">=5.2.4"
            },
            "type": "library",
            "extra": {
                "branch-alias": {
                    "dev-master": "1.12-dev"
                }
            },
            "autoload": {
                "psr-0": {
                    "Twig_": "lib/"
                }
            },
            "notification-url": "https://packagist.org/downloads/",
            "license": [
                "BSD-3"
            ],
            "authors": [
                {
                    "name": "Fabien Potencier",
                    "email": "fabien@symfony.com"
                },
                {
                    "name": "Armin Ronacher",
                    "email": "armin.ronacher@active-4.com"
                }
            ],
            "description": "Twig, the flexible, fast, and secure template language for PHP",
            "homepage": "http://twig.sensiolabs.org",
            "keywords": [
                "templating"
            ],
            "time": "2013-03-10 07:23:01"
        },
        {
            "name": "twitter/bootstrap",
            "version": "2.2.2",
            "source": {
                "type": "git",
                "url": "https://github.com/twitter/bootstrap.git",
                "reference": "9376a7c221a64c2bf508d02ea2ccd85748d10fcc"
            },
            "type": "library"
        },
        {
            "name": "underscorejs/underscorejs",
            "version": "1.4.2",
            "dist": {
                "type": "file",
                "url": "http://underscorejs.org/underscore-min.js",
                "reference": null,
                "shasum": null
            },
            "type": "library"
        },
        {
            "name": "zendframework/zend-permissions-acl",
            "version": "2.1.2",
            "target-dir": "Zend/Permissions/Acl",
            "source": {
                "type": "git",
                "url": "https://github.com/zendframework/Component_ZendPermissionsAcl.git",
                "reference": "release-2.1.3"
            },
            "dist": {
                "type": "zip",
                "url": "https://api.github.com/repos/zendframework/Component_ZendPermissionsAcl/zipball/release-2.1.3",
                "reference": "release-2.1.3",
                "shasum": ""
            },
            "require": {
                "php": ">=5.3.3"
            },
            "type": "library",
            "extra": {
                "branch-alias": {
                    "dev-master": "2.1-dev",
                    "dev-develop": "2.2-dev"
                }
            },
            "autoload": {
                "psr-0": {
                    "Zend\\Permissions\\Acl\\": ""
                }
            },
            "notification-url": "https://packagist.org/downloads/",
            "license": [
                "BSD-3-Clause"
            ],
            "description": "provides a lightweight and flexible access control list (ACL) implementation for privileges management",
            "keywords": [
                "acl",
                "zf2"
            ],
            "time": "2013-02-14 14:56:52"
        }
    ],
    "packages-dev": null,
    "aliases": [

    ],
    "minimum-stability": "dev",
    "stability-flags": {
        "ruflin/elastica": 5,
        "phpdocumentor/phpdocumentor": 20,
        "phploc/phploc": 20,
        "zerkalica/php-code-browser": 20,
        "shrink/phpcpd": 20
    },
    "platform": {
        "php": ">=5.3.3"
    },
    "platform-dev": [

    ]
}
